
Microsoft Visual Studio Solution File, Format Version 12.00
# Visual Studio Version 16
VisualStudioVersion = 16.0.29326.143
MinimumVisualStudioVersion = 10.0.40219.1
Project("{9A19103F-16F7-4668-BE54-9A1E7A4F7556}") = "BlackJackClient", "BlackJackClient\BlackJackClient.csproj", "{CB4630E8-5BA3-4D82-A490-0A41CC34BC07}"
EndProject
Project("{9A19103F-16F7-4668-BE54-9A1E7A4F7556}") = "BlackJackServer", "BlackJackServer\BlackJackServer.csproj", "{C884617B-56AF-4281-B077-9144A640DE68}"
EndProject
Project("{9A19103F-16F7-4668-BE54-9A1E7A4F7556}") = "BlackJackGame", "BlackJackGame\BlackJackGame.csproj", "{19BD4BF0-F71B-45C9-9747-C8E58C61F8B5}"
EndProject
Project("{9A19103F-16F7-4668-BE54-9A1E7A4F7556}") = "MessageParser", "MessageParser\MessageParser.csproj", "{FE0250BC-ADAC-4903-A168-3882BEF6F570}"
EndProject
Global
	GlobalSection(SolutionConfigurationPlatforms) = preSolution
		Debug|Any CPU = Debug|Any CPU
		Release|Any CPU = Release|Any CPU
	EndGlobalSection
	GlobalSection(ProjectConfigurationPlatforms) = postSolution
		{CB4630E8-5BA3-4D82-A490-0A41CC34BC07}.Debug|Any CPU.ActiveCfg = Debug|Any CPU
		{CB4630E8-5BA3-4D82-A490-0A41CC34BC07}.Debug|Any CPU.Build.0 = Debug|Any CPU
		{CB4630E8-5BA3-4D82-A490-0A41CC34BC07}.Release|Any CPU.ActiveCfg = Release|Any CPU
		{CB4630E8-5BA3-4D82-A490-0A41CC34BC07}.Release|Any CPU.Build.0 = Release|Any CPU
		{C884617B-56AF-4281-B077-9144A640DE68}.Debug|Any CPU.ActiveCfg = Debug|Any CPU
		{C884617B-56AF-4281-B077-9144A640DE68}.Debug|Any CPU.Build.0 = Debug|Any CPU
		{C884617B-56AF-4281-B077-9144A640DE68}.Release|Any CPU.ActiveCfg = Release|Any CPU
		{C884617B-56AF-4281-B077-9144A640DE68}.Release|Any CPU.Build.0 = Release|Any CPU
		{19BD4BF0-F71B-45C9-9747-C8E58C61F8B5}.Debug|Any CPU.ActiveCfg = Debug|Any CPU
		{19BD4BF0-F71B-45C9-9747-C8E58C61F8B5}.Debug|Any CPU.Build.0 = Debug|Any CPU
		{19BD4BF0-F71B-45C9-9747-C8E58C61F8B5}.Release|Any CPU.ActiveCfg = Release|Any CPU
		{19BD4BF0-F71B-45C9-9747-C8E58C61F8B5}.Release|Any CPU.Build.0 = Release|Any CPU
		{FE0250BC-ADAC-4903-A168-3882BEF6F570}.Debug|Any CPU.ActiveCfg = Debug|Any CPU
		{FE0250BC-ADAC-4903-A168-3882BEF6F570}.Debug|Any CPU.Build.0 = Debug|Any CPU
		{FE0250BC-ADAC-4903-A168-3882BEF6F570}.Release|Any CPU.ActiveCfg = Release|Any CPU
		{FE0250BC-ADAC-4903-A168-3882BEF6F570}.Release|Any CPU.Build.0 = Release|Any CPU
	EndGlobalSection
	GlobalSection(SolutionProperties) = preSolution
		HideSolutionNode = FALSE
	EndGlobalSection
	GlobalSection(ExtensibilityGlobals) = postSolution
		SolutionGuid = {C91F86CC-AAF0-47D2-8D11-FF510FC9147B}
	EndGlobalSection
EndGlobal
